
Microsoft Visual Studio Solution File, Format Version 12.00
# Visual Studio 15
VisualStudioVersion = 15.0.26730.15
MinimumVisualStudioVersion = 10.0.40219.1
Project("{FAE04EC0-301F-11D3-BF4B-00C04F79EFBC}") = "Employee", "Employee\Employee.csproj", "{F9673EFA-46C9-4804-9F75-9CCB6A857161}"
EndProject
Global
	GlobalSection(SolutionConfigurationPlatforms) = preSolution
		Debug|Any CPU = Debug|Any CPU
		Release|Any CPU = Release|Any CPU
	EndGlobalSection
	GlobalSection(ProjectConfigurationPlatforms) = postSolution
		{F9673EFA-46C9-4804-9F75-9CCB6A857161}.Debug|Any CPU.ActiveCfg = Debug|Any CPU
		{F9673EFA-46C9-4804-9F75-9CCB6A857161}.Debug|Any CPU.Build.0 = Debug|Any CPU
		{F9673EFA-46C9-4804-9F75-9CCB6A857161}.Release|Any CPU.ActiveCfg = Release|Any CPU
		{F9673EFA-46C9-4804-9F75-9CCB6A857161}.Release|Any CPU.Build.0 = Release|Any CPU
	EndGlobalSection
	GlobalSection(SolutionProperties) = preSolution
		HideSolutionNode = FALSE
	EndGlobalSection
	GlobalSection(ExtensibilityGlobals) = postSolution
		SolutionGuid = {CCAF1519-673A-415B-B1CF-55A10CDE4234}
	EndGlobalSection
EndGlobal
